
Microsoft Visual Studio Solution File, Format Version 12.00
# Visual Studio Version 17
VisualStudioVersion = 17.2.32526.322
MinimumVisualStudioVersion = 10.0.40219.1
Project("{9A19103F-16F7-4668-BE54-9A1E7A4F7556}") = "MoonTrading", "MoonTrading\MoonTrading.csproj", "{3BA96517-41B6-4F61-928C-C8B44A952F85}"
EndProject
Project("{9A19103F-16F7-4668-BE54-9A1E7A4F7556}") = "MoonTrading.DataAccess", "MoonTrading.DataAccess\MoonTrading.DataAccess.csproj", "{4B7A689E-0445-4377-9827-65C9B7A35DDF}"
EndProject
Project("{00D1A9C2-B5F0-4AF3-8072-F6C62B433612}") = "MoonTrading.DataBase", "MoonTrading.DataBase\MoonTrading.DataBase.sqlproj", "{84A6F788-C029-4DA1-9E49-4953B05A8332}"
EndProject
Project("{9A19103F-16F7-4668-BE54-9A1E7A4F7556}") = "MoonTrading.Tests", "MoonTrading.Tests\MoonTrading.Tests.csproj", "{27DCFCC4-EB88-422D-8FC4-D93D1A8A775A}"
EndProject
Project("{9A19103F-16F7-4668-BE54-9A1E7A4F7556}") = "MoonTrading.Tools", "SharedConstants\MoonTrading.Tools.csproj", "{57399399-DDD3-4B1C-A756-0E45EE702776}"
EndProject
Global
	GlobalSection(SolutionConfigurationPlatforms) = preSolution
		Debug|Any CPU = Debug|Any CPU
		Release|Any CPU = Release|Any CPU
		ReleaseBuild|Any CPU = ReleaseBuild|Any CPU
	EndGlobalSection
	GlobalSection(ProjectConfigurationPlatforms) = postSolution
		{3BA96517-41B6-4F61-928C-C8B44A952F85}.Debug|Any CPU.ActiveCfg = Debug|Any CPU
		{3BA96517-41B6-4F61-928C-C8B44A952F85}.Debug|Any CPU.Build.0 = Debug|Any CPU
		{3BA96517-41B6-4F61-928C-C8B44A952F85}.Release|Any CPU.ActiveCfg = Release|Any CPU
		{3BA96517-41B6-4F61-928C-C8B44A952F85}.Release|Any CPU.Build.0 = Release|Any CPU
		{3BA96517-41B6-4F61-928C-C8B44A952F85}.ReleaseBuild|Any CPU.ActiveCfg = ReleaseBuild|Any CPU
		{3BA96517-41B6-4F61-928C-C8B44A952F85}.ReleaseBuild|Any CPU.Build.0 = ReleaseBuild|Any CPU
		{4B7A689E-0445-4377-9827-65C9B7A35DDF}.Debug|Any CPU.ActiveCfg = Debug|Any CPU
		{4B7A689E-0445-4377-9827-65C9B7A35DDF}.Debug|Any CPU.Build.0 = Debug|Any CPU
		{4B7A689E-0445-4377-9827-65C9B7A35DDF}.Release|Any CPU.ActiveCfg = Release|Any CPU
		{4B7A689E-0445-4377-9827-65C9B7A35DDF}.Release|Any CPU.Build.0 = Release|Any CPU
		{4B7A689E-0445-4377-9827-65C9B7A35DDF}.ReleaseBuild|Any CPU.ActiveCfg = ReleaseBuild|Any CPU
		{4B7A689E-0445-4377-9827-65C9B7A35DDF}.ReleaseBuild|Any CPU.Build.0 = ReleaseBuild|Any CPU
		{84A6F788-C029-4DA1-9E49-4953B05A8332}.Debug|Any CPU.ActiveCfg = Debug|Any CPU
		{84A6F788-C029-4DA1-9E49-4953B05A8332}.Debug|Any CPU.Build.0 = Debug|Any CPU
		{84A6F788-C029-4DA1-9E49-4953B05A8332}.Debug|Any CPU.Deploy.0 = Debug|Any CPU
		{84A6F788-C029-4DA1-9E49-4953B05A8332}.Release|Any CPU.ActiveCfg = Release|Any CPU
		{84A6F788-C029-4DA1-9E49-4953B05A8332}.Release|Any CPU.Build.0 = Release|Any CPU
		{84A6F788-C029-4DA1-9E49-4953B05A8332}.Release|Any CPU.Deploy.0 = Release|Any CPU
		{84A6F788-C029-4DA1-9E49-4953B05A8332}.ReleaseBuild|Any CPU.ActiveCfg = ReleaseBuild|Any CPU
		{84A6F788-C029-4DA1-9E49-4953B05A8332}.ReleaseBuild|Any CPU.Deploy.0 = ReleaseBuild|Any CPU
		{27DCFCC4-EB88-422D-8FC4-D93D1A8A775A}.Debug|Any CPU.ActiveCfg = Debug|Any CPU
		{27DCFCC4-EB88-422D-8FC4-D93D1A8A775A}.Debug|Any CPU.Build.0 = Debug|Any CPU
		{27DCFCC4-EB88-422D-8FC4-D93D1A8A775A}.Release|Any CPU.ActiveCfg = Release|Any CPU
		{27DCFCC4-EB88-422D-8FC4-D93D1A8A775A}.Release|Any CPU.Build.0 = Release|Any CPU
		{27DCFCC4-EB88-422D-8FC4-D93D1A8A775A}.ReleaseBuild|Any CPU.ActiveCfg = ReleaseBuild|Any CPU
		{27DCFCC4-EB88-422D-8FC4-D93D1A8A775A}.ReleaseBuild|Any CPU.Build.0 = ReleaseBuild|Any CPU
		{57399399-DDD3-4B1C-A756-0E45EE702776}.Debug|Any CPU.ActiveCfg = Debug|Any CPU
		{57399399-DDD3-4B1C-A756-0E45EE702776}.Debug|Any CPU.Build.0 = Debug|Any CPU
		{57399399-DDD3-4B1C-A756-0E45EE702776}.Release|Any CPU.ActiveCfg = Release|Any CPU
		{57399399-DDD3-4B1C-A756-0E45EE702776}.Release|Any CPU.Build.0 = Release|Any CPU
		{57399399-DDD3-4B1C-A756-0E45EE702776}.ReleaseBuild|Any CPU.ActiveCfg = Release|Any CPU
		{57399399-DDD3-4B1C-A756-0E45EE702776}.ReleaseBuild|Any CPU.Build.0 = Release|Any CPU
	EndGlobalSection
	GlobalSection(SolutionProperties) = preSolution
		HideSolutionNode = FALSE
	EndGlobalSection
	GlobalSection(ExtensibilityGlobals) = postSolution
		SolutionGuid = {B54C46EE-BBC5-4BD3-B2FC-728614D5438F}
	EndGlobalSection
EndGlobal
